
Microsoft Visual Studio Solution File, Format Version 12.00
# Visual Studio 14
VisualStudioVersion = 14.0.24720.0
MinimumVisualStudioVersion = 10.0.40219.1
Project("{FAE04EC0-301F-11D3-BF4B-00C04F79EFBC}") = "NopCommerce.Api.SampleApplication", "NopCommerce.Api.SampleApplication\NopCommerce.Api.SampleApplication.csproj", "{7E7B592E-6B42-4819-B6C0-1FF0FF3CE47B}"
EndProject
Project("{FAE04EC0-301F-11D3-BF4B-00C04F79EFBC}") = "NopCommerce.Api.AdapterLibrary", "NopCommerce.Api.AdapterLibrary\NopCommerce.Api.AdapterLibrary.csproj", "{0F2BD838-3884-4DD8-AB8F-B7B449AA7164}"
EndProject
Global
	GlobalSection(SolutionConfigurationPlatforms) = preSolution
		Debug|Any CPU = Debug|Any CPU
		Release|Any CPU = Release|Any CPU
	EndGlobalSection
	GlobalSection(ProjectConfigurationPlatforms) = postSolution
		{7E7B592E-6B42-4819-B6C0-1FF0FF3CE47B}.Debug|Any CPU.ActiveCfg = Debug|Any CPU
		{7E7B592E-6B42-4819-B6C0-1FF0FF3CE47B}.Debug|Any CPU.Build.0 = Debug|Any CPU
		{7E7B592E-6B42-4819-B6C0-1FF0FF3CE47B}.Release|Any CPU.ActiveCfg = Release|Any CPU
		{7E7B592E-6B42-4819-B6C0-1FF0FF3CE47B}.Release|Any CPU.Build.0 = Release|Any CPU
		{0F2BD838-3884-4DD8-AB8F-B7B449AA7164}.Debug|Any CPU.ActiveCfg = Debug|Any CPU
		{0F2BD838-3884-4DD8-AB8F-B7B449AA7164}.Debug|Any CPU.Build.0 = Debug|Any CPU
		{0F2BD838-3884-4DD8-AB8F-B7B449AA7164}.Release|Any CPU.ActiveCfg = Release|Any CPU
		{0F2BD838-3884-4DD8-AB8F-B7B449AA7164}.Release|Any CPU.Build.0 = Release|Any CPU
	EndGlobalSection
	GlobalSection(SolutionProperties) = preSolution
		HideSolutionNode = FALSE
	EndGlobalSection
EndGlobal
